
Microsoft Visual Studio Solution File, Format Version 12.00
# Visual Studio Version 17
VisualStudioVersion = 17.12.35527.113 d17.12
MinimumVisualStudioVersion = 10.0.40219.1
Project("{FAE04EC0-301F-11D3-BF4B-00C04F79EFBC}") = "ApiDay.EntityLayer", "ApiDay.EntityLayer\ApiDay.EntityLayer.csproj", "{07D26393-02A0-4D7B-B1D0-466383ADF1BB}"
EndProject
Project("{FAE04EC0-301F-11D3-BF4B-00C04F79EFBC}") = "ApiDay.DataAccessLayer", "ApiDay.DataAccessLayer\ApiDay.DataAccessLayer.csproj", "{2530D6F6-6BE6-4BA2-859D-4F50E8C60B05}"
EndProject
Project("{FAE04EC0-301F-11D3-BF4B-00C04F79EFBC}") = "ApiDay.BusinessLayer", "ApiDay.BusinessLayer\ApiDay.BusinessLayer.csproj", "{F7C98FCE-59C0-422E-9E0C-F80B85BB17FC}"
EndProject
Project("{FAE04EC0-301F-11D3-BF4B-00C04F79EFBC}") = "ApiDay.WebApi", "ApiDay.WebApi\ApiDay.WebApi.csproj", "{BE4CFF1B-C832-4F10-AA30-9244BECEA5B3}"
EndProject
Global
	GlobalSection(SolutionConfigurationPlatforms) = preSolution
		Debug|Any CPU = Debug|Any CPU
		Release|Any CPU = Release|Any CPU
	EndGlobalSection
	GlobalSection(ProjectConfigurationPlatforms) = postSolution
		{07D26393-02A0-4D7B-B1D0-466383ADF1BB}.Debug|Any CPU.ActiveCfg = Debug|Any CPU
		{07D26393-02A0-4D7B-B1D0-466383ADF1BB}.Debug|Any CPU.Build.0 = Debug|Any CPU
		{07D26393-02A0-4D7B-B1D0-466383ADF1BB}.Release|Any CPU.ActiveCfg = Release|Any CPU
		{07D26393-02A0-4D7B-B1D0-466383ADF1BB}.Release|Any CPU.Build.0 = Release|Any CPU
		{2530D6F6-6BE6-4BA2-859D-4F50E8C60B05}.Debug|Any CPU.ActiveCfg = Debug|Any CPU
		{2530D6F6-6BE6-4BA2-859D-4F50E8C60B05}.Debug|Any CPU.Build.0 = Debug|Any CPU
		{2530D6F6-6BE6-4BA2-859D-4F50E8C60B05}.Release|Any CPU.ActiveCfg = Release|Any CPU
		{2530D6F6-6BE6-4BA2-859D-4F50E8C60B05}.Release|Any CPU.Build.0 = Release|Any CPU
		{F7C98FCE-59C0-422E-9E0C-F80B85BB17FC}.Debug|Any CPU.ActiveCfg = Debug|Any CPU
		{F7C98FCE-59C0-422E-9E0C-F80B85BB17FC}.Debug|Any CPU.Build.0 = Debug|Any CPU
		{F7C98FCE-59C0-422E-9E0C-F80B85BB17FC}.Release|Any CPU.ActiveCfg = Release|Any CPU
		{F7C98FCE-59C0-422E-9E0C-F80B85BB17FC}.Release|Any CPU.Build.0 = Release|Any CPU
		{BE4CFF1B-C832-4F10-AA30-9244BECEA5B3}.Debug|Any CPU.ActiveCfg = Debug|Any CPU
		{BE4CFF1B-C832-4F10-AA30-9244BECEA5B3}.Debug|Any CPU.Build.0 = Debug|Any CPU
		{BE4CFF1B-C832-4F10-AA30-9244BECEA5B3}.Release|Any CPU.ActiveCfg = Release|Any CPU
		{BE4CFF1B-C832-4F10-AA30-9244BECEA5B3}.Release|Any CPU.Build.0 = Release|Any CPU
	EndGlobalSection
	GlobalSection(SolutionProperties) = preSolution
		HideSolutionNode = FALSE
	EndGlobalSection
EndGlobal
